<Solution>
  <Project Path="FoodAdviser.Api.Tests/FoodAdviser.Api.Tests.csproj" />
  <Project Path="FoodAdviser.Api/FoodAdviser.Api.csproj" />
  <Project Path="FoodAdviser.Application/FoodAdviser.Application.csproj" />
  <Project Path="FoodAdviser.Domain/FoodAdviser.Domain.csproj" />
  <Project Path="FoodAdviser.Infrastructure/FoodAdviser.Infrastructure.csproj" />
</Solution>
